{
  "name": "Inventory-4-Evo",
  "lockfileVersion": 3,
  "requires": true,
  "packages": {
    "": {
      "devDependencies": {
        "arpabet-to-ipa": "^1.0.0",
        "cmu-pronouncing-dictionary": "^3.0.0"
      }
    },
    "node_modules/arpabet-to-ipa": {
      "version": "1.0.0",
      "resolved": "https://registry.npmjs.org/arpabet-to-ipa/-/arpabet-to-ipa-1.0.0.tgz",
      "integrity": "sha512-xPNHfp2RKMDItHkjnYWikio0sSZ5+pxyf6U75ZvEfpf0VV1QVNFDKOzi4DnQmvoZ1j/fLtRLJlq5cAXhanczBQ==",
      "dev": true,
      "license": "MIT"
    },
    "node_modules/cmu-pronouncing-dictionary": {
      "version": "3.0.0",
      "resolved": "https://registry.npmjs.org/cmu-pronouncing-dictionary/-/cmu-pronouncing-dictionary-3.0.0.tgz",
      "integrity": "sha512-6y5X4OxsYFnHERo6WSVPnLrk53G07MOQ8aUb2z555JgwynpbZsHR0a//WdN6DUcmE1j2auTF2TtL4PpoKze8QQ==",
      "dev": true,
      "license": "ISC"
    }
  }
}
